
Microsoft Visual Studio Solution File, Format Version 12.00
# Visual Studio 15
VisualStudioVersion = 15.0.28307.168
MinimumVisualStudioVersion = 10.0.40219.1
Project("{FAE04EC0-301F-11D3-BF4B-00C04F79EFBC}") = "BreaddedSalmon", "BreaddedSalmon\BreaddedSalmon.csproj", "{4908AF6A-32C7-44CA-BDE8-3CB4022501E8}"
EndProject
Global
	GlobalSection(SolutionConfigurationPlatforms) = preSolution
		Debug|Any CPU = Debug|Any CPU
		Release|Any CPU = Release|Any CPU
	EndGlobalSection
	GlobalSection(ProjectConfigurationPlatforms) = postSolution
		{4908AF6A-32C7-44CA-BDE8-3CB4022501E8}.Debug|Any CPU.ActiveCfg = Debug|Any CPU
		{4908AF6A-32C7-44CA-BDE8-3CB4022501E8}.Debug|Any CPU.Build.0 = Debug|Any CPU
		{4908AF6A-32C7-44CA-BDE8-3CB4022501E8}.Release|Any CPU.ActiveCfg = Release|Any CPU
		{4908AF6A-32C7-44CA-BDE8-3CB4022501E8}.Release|Any CPU.Build.0 = Release|Any CPU
	EndGlobalSection
	GlobalSection(SolutionProperties) = preSolution
		HideSolutionNode = FALSE
	EndGlobalSection
	GlobalSection(ExtensibilityGlobals) = postSolution
		SolutionGuid = {52DF4CC2-8E8A-498C-8C3B-FC88DDE36C4C}
	EndGlobalSection
EndGlobal
